NeoBundleLock cpsm 8af2807106158dc278f70ea136a5a2b5a21184d9
NeoBundleLock ctrlp.vim 564176f01d7f3f7f8ab452ff4e1f5314de7b0981
NeoBundleLock indentLine 87a29facd8fbaffd4db3972bb555cfe51f2bac42
NeoBundleLock lightline.vim de6a9187a4ebe30f3f1b85cff44417909897de88
NeoBundleLock neobundle.vim 847cbd0d180a9ff2baf369c788e186b8aafaae8b
NeoBundleLock neocomplete 7f30d3335712d122f25b28ca7be0175286a81416
NeoBundleLock neomru.vim bab3124e3ff52dc70d30fd741ba0b8d718cae4d9
NeoBundleLock neosnippet 02176938f751e20a3a794e836aaba14e11eba34e
NeoBundleLock neosnippet-snippets 42e81d1409fd08a3acec8c82c8480880338e4808
NeoBundleLock rainbow_parentheses.vim eb8baa5428bde10ecc1cb14eed1d6e16f5f24695
NeoBundleLock surround.vim 324a8735bb82193a1a413e207dc1aaf60f3a1d82
NeoBundleLock syntastic 60f97939381e6224baef89583f85f5e4c3a67cfa
NeoBundleLock unite-outline 766d921e859eb54a7ac7c45c4052df7121ea6347
NeoBundleLock unite.vim f376de838a46c4848a81a2e95ebc4116732b1fef
NeoBundleLock vim-colors-solarized 528a59f26d12278698bb946f8fb82a63711eec21
NeoBundleLock vim-fugitive d854197c03c0b027cca41abf86a5557c5473b82f
NeoBundleLock vim-gitgutter 1aed46c072fd9bd00650474e89f0e4d3a483dad8
NeoBundleLock vim-godef 48952546203ecae8c17d50d0aa2e6dcabcc85f0b
NeoBundleLock vim-snippets c0040abe4e54786c77ec41d6dbd1be916a03a506
NeoBundleLock vimproc.vim c809cb15f04f2ae62cb345365d2e76665294623b
